
Microsoft Visual Studio Solution File, Format Version 12.00
# Visual Studio Version 17
VisualStudioVersion = 17.9.34622.214
MinimumVisualStudioVersion = 10.0.40219.1
Project("{8BC9CEB8-8B4A-11D0-8D11-00A0C91BC942}") = "AlgorithmsGroupProject", "AlgorithmsGroupProject\AlgorithmsGroupProject.vcxproj", "{A38EA0C6-7363-435F-833E-EF129F4486AA}"
EndProject
Global
	GlobalSection(SolutionConfigurationPlatforms) = preSolution
		Debug|x64 = Debug|x64
		Debug|x86 = Debug|x86
		Release|x64 = Release|x64
		Release|x86 = Release|x86
	EndGlobalSection
	GlobalSection(ProjectConfigurationPlatforms) = postSolution
		{A38EA0C6-7363-435F-833E-EF129F4486AA}.Debug|x64.ActiveCfg = Debug|x64
		{A38EA0C6-7363-435F-833E-EF129F4486AA}.Debug|x64.Build.0 = Debug|x64
		{A38EA0C6-7363-435F-833E-EF129F4486AA}.Debug|x86.ActiveCfg = Debug|Win32
		{A38EA0C6-7363-435F-833E-EF129F4486AA}.Debug|x86.Build.0 = Debug|Win32
		{A38EA0C6-7363-435F-833E-EF129F4486AA}.Release|x64.ActiveCfg = Release|x64
		{A38EA0C6-7363-435F-833E-EF129F4486AA}.Release|x64.Build.0 = Release|x64
		{A38EA0C6-7363-435F-833E-EF129F4486AA}.Release|x86.ActiveCfg = Release|Win32
		{A38EA0C6-7363-435F-833E-EF129F4486AA}.Release|x86.Build.0 = Release|Win32
	EndGlobalSection
	GlobalSection(SolutionProperties) = preSolution
		HideSolutionNode = FALSE
	EndGlobalSection
	GlobalSection(ExtensibilityGlobals) = postSolution
		SolutionGuid = {B935C3E4-D94A-487F-B3CB-A628D3AF65F7}
	EndGlobalSection
EndGlobal
